Microsoft Visual Studio Solution File, Format Version 11.00
# Visual Studio 2008

Project("{F5DA574A-D74A-511F-9B90-E20C5E64E6E8}") = "Brick Breaker Tutorial", "Assembly-CSharp-vs.csproj", "{8E3EFB96-7F1C-5775-6994-A8C767651628}"
EndProject
Global
	GlobalSection(SolutionConfigurationPlatforms) = preSolution
		Debug|Any CPU = Debug|Any CPU
		Release|Any CPU = Release|Any CPU
	EndGlobalSection
	GlobalSection(ProjectConfigurationPlatforms) = postSolution
		{8E3EFB96-7F1C-5775-6994-A8C767651628}.Debug|Any CPU.ActiveCfg = Debug|Any CPU
		{8E3EFB96-7F1C-5775-6994-A8C767651628}.Debug|Any CPU.Build.0 = Debug|Any CPU
		{8E3EFB96-7F1C-5775-6994-A8C767651628}.Release|Any CPU.ActiveCfg = Release|Any CPU
		{8E3EFB96-7F1C-5775-6994-A8C767651628}.Release|Any CPU.Build.0 = Release|Any CPU
	EndGlobalSection
	GlobalSection(SolutionProperties) = preSolution
		HideSolutionNode = FALSE
	EndGlobalSection
				GlobalSection(MonoDevelopProperties) = preSolution
		StartupItem = Assembly-CSharp.csproj
	EndGlobalSection

EndGlobal
